
Microsoft Visual Studio Solution File, Format Version 12.00
# Visual Studio Version 16
VisualStudioVersion = 16.0.31515.178
MinimumVisualStudioVersion = 10.0.40219.1
Project("{FAE04EC0-301F-11D3-BF4B-00C04F79EFBC}") = "MapleStoryLogin", "MapleStoryLogin\MapleStoryLogin.csproj", "{48DA4F23-D644-44F6-ADAC-298B9B95AAF9}"
EndProject
Global
	GlobalSection(SolutionConfigurationPlatforms) = preSolution
		Debug|Any CPU = Debug|Any CPU
		Release|Any CPU = Release|Any CPU
	EndGlobalSection
	GlobalSection(ProjectConfigurationPlatforms) = postSolution
		{48DA4F23-D644-44F6-ADAC-298B9B95AAF9}.Debug|Any CPU.ActiveCfg = Debug|Any CPU
		{48DA4F23-D644-44F6-ADAC-298B9B95AAF9}.Debug|Any CPU.Build.0 = Debug|Any CPU
		{48DA4F23-D644-44F6-ADAC-298B9B95AAF9}.Release|Any CPU.ActiveCfg = Release|Any CPU
		{48DA4F23-D644-44F6-ADAC-298B9B95AAF9}.Release|Any CPU.Build.0 = Release|Any CPU
	EndGlobalSection
	GlobalSection(SolutionProperties) = preSolution
		HideSolutionNode = FALSE
	EndGlobalSection
	GlobalSection(ExtensibilityGlobals) = postSolution
		SolutionGuid = {477AB247-1F22-4A54-B77F-8C5BAD510979}
	EndGlobalSection
EndGlobal
